
Microsoft Visual Studio Solution File, Format Version 12.00
# Visual Studio 14
VisualStudioVersion = 14.0.22823.1
MinimumVisualStudioVersion = 10.0.40219.1
Project("{FAE04EC0-301F-11D3-BF4B-00C04F79EFBC}") = "APP", "APP\APP.csproj", "{DDBA70D3-1180-4B48-96EF-88B40F4CB22E}"
EndProject
Global
	GlobalSection(SolutionConfigurationPlatforms) = preSolution
		Debug|Any CPU = Debug|Any CPU
		Release|Any CPU = Release|Any CPU
	EndGlobalSection
	GlobalSection(ProjectConfigurationPlatforms) = postSolution
		{DDBA70D3-1180-4B48-96EF-88B40F4CB22E}.Debug|Any CPU.ActiveCfg = Debug|Any CPU
		{DDBA70D3-1180-4B48-96EF-88B40F4CB22E}.Debug|Any CPU.Build.0 = Debug|Any CPU
		{DDBA70D3-1180-4B48-96EF-88B40F4CB22E}.Release|Any CPU.ActiveCfg = Release|Any CPU
		{DDBA70D3-1180-4B48-96EF-88B40F4CB22E}.Release|Any CPU.Build.0 = Release|Any CPU
	EndGlobalSection
	GlobalSection(SolutionProperties) = preSolution
		HideSolutionNode = FALSE
	EndGlobalSection
EndGlobal
